
Microsoft Visual Studio Solution File, Format Version 12.00
# Visual Studio Version 17
VisualStudioVersion = 17.10.34928.147
MinimumVisualStudioVersion = 10.0.40219.1
Project("{FAE04EC0-301F-11D3-BF4B-00C04F79EFBC}") = "ExercioFix", "ExercioFix\ExercioFix.csproj", "{4E391EA2-A9BF-4BA3-A1CE-B372233B0DD4}"
EndProject
Global
	GlobalSection(SolutionConfigurationPlatforms) = preSolution
		Debug|Any CPU = Debug|Any CPU
		Release|Any CPU = Release|Any CPU
	EndGlobalSection
	GlobalSection(ProjectConfigurationPlatforms) = postSolution
		{4E391EA2-A9BF-4BA3-A1CE-B372233B0DD4}.Debug|Any CPU.ActiveCfg = Debug|Any CPU
		{4E391EA2-A9BF-4BA3-A1CE-B372233B0DD4}.Debug|Any CPU.Build.0 = Debug|Any CPU
		{4E391EA2-A9BF-4BA3-A1CE-B372233B0DD4}.Release|Any CPU.ActiveCfg = Release|Any CPU
		{4E391EA2-A9BF-4BA3-A1CE-B372233B0DD4}.Release|Any CPU.Build.0 = Release|Any CPU
	EndGlobalSection
	GlobalSection(SolutionProperties) = preSolution
		HideSolutionNode = FALSE
	EndGlobalSection
	GlobalSection(ExtensibilityGlobals) = postSolution
		SolutionGuid = {A45D9825-BD83-4955-8CDB-44D72A8D817C}
	EndGlobalSection
EndGlobal
